<?xml version="1.0" encoding="utf-8"?>
<Project ToolsVersion="4.0" xmlns="http://schemas.microsoft.com/developer/msbuild/2003">
  <ItemGroup>
    <ClCompile Include="Source\Application.cpp">
      <Filter>Source Files</Filter>
    </ClCompile>
    <ClCompile Include="Source\Camera.cpp">
      <Filter>Source Files</Filter>
    </ClCompile>
    <ClCompile Include="Source\Camera2.cpp">
      <Filter>Source Files</Filter>
    </ClCompile>
    <ClCompile Include="Source\LoadOBJ.cpp">
      <Filter>Source Files</Filter>
    </ClCompile>
    <ClCompile Include="Source\LoadTGA.cpp">
      <Filter>Source Files</Filter>
    </ClCompile>
    <ClCompile Include="Source\main.cpp">
      <Filter>Source Files</Filter>
    </ClCompile>
    <ClCompile Include="Source\Mesh.cpp">
      <Filter>Source Files</Filter>
    </ClCompile>
    <ClCompile Include="Source\MeshBuilder.cpp">
      <Filter>Source Files</Filter>
    </ClCompile>
    <ClCompile Include="Source\shader.cpp">
      <Filter>Source Files</Filter>
    </ClCompile>
    <ClCompile Include="Source\Utility.cpp">
      <Filter>Source Files</Filter>
    </ClCompile>
    <ClCompile Include="Source\SceneLight.cpp">
      <Filter>Source Files</Filter>
    </ClCompile>
  </ItemGroup>
  <ItemGroup>
    <ClInclude Include="Source\Camera.h">
      <Filter>Headers</Filter>
    </ClInclude>
    <ClInclude Include="Source\Light.h">
      <Filter>Headers</Filter>
    </ClInclude>
    <ClInclude Include="Source\Camera2.h">
      <Filter>Headers</Filter>
    </ClInclude>
    <ClInclude Include="Source\Material.h">
      <Filter>Headers</Filter>
    </ClInclude>
    <ClInclude Include="Source\Mesh.h">
      <Filter>Headers</Filter>
    </ClInclude>
    <ClInclude Include="Source\Scene.h">
      <Filter>Headers</Filter>
    </ClInclude>
    <ClInclude Include="Source\Application.h">
      <Filter>Headers</Filter>
    </ClInclude>
    <ClInclude Include="Source\Vertex.h">
      <Filter>Headers</Filter>
    </ClInclude>
    <ClInclude Include="Source\Utility.h">
      <Filter>Headers</Filter>
    </ClInclude>
    <ClInclude Include="Source\shader.hpp">
      <Filter>Headers</Filter>
    </ClInclude>
    <ClInclude Include="Source\LoadTGA.h">
      <Filter>Headers</Filter>
    </ClInclude>
    <ClInclude Include="Source\LoadOBJ.h">
      <Filter>Headers</Filter>
    </ClInclude>
    <ClInclude Include="Source\MeshBuilder.h">
      <Filter>Headers</Filter>
    </ClInclude>
    <ClInclude Include="Source\SceneLight.h">
      <Filter>Headers</Filter>
    </ClInclude>
  </ItemGroup>
  <ItemGroup>
    <None Include="Shader\Text.fragmentshader">
      <Filter>Source Files</Filter>
    </None>
    <None Include="Shader\Texture.vertexshader">
      <Filter>Source Files</Filter>
    </None>
  </ItemGroup>
  <ItemGroup>
    <Filter Include="Headers">
      <UniqueIdentifier>{1b4c6cf5-5d01-4dd8-8cc5-7b3eb84bc52b}</UniqueIdentifier>
    </Filter>
    <Filter Include="Source Files">
      <UniqueIdentifier>{f109d2ba-b431-4fba-87f2-6291789353f1}</UniqueIdentifier>
    </Filter>
  </ItemGroup>
</Project>